
Microsoft Visual Studio Solution File, Format Version 12.00
# Visual Studio 15
VisualStudioVersion = 15.0.26403.7
MinimumVisualStudioVersion = 10.0.40219.1
Project("{FAE04EC0-301F-11D3-BF4B-00C04F79EFBC}") = "VSWindowTitleChanger_2017", "VSWindowTitleChanger_2017.csproj", "{EC80EF34-A0E1-4215-BDAF-60CC0FBEA833}"
EndProject
Global
	GlobalSection(SolutionConfigurationPlatforms) = preSolution
		DEBUG_ExpressionEvaluator|Any CPU = DEBUG_ExpressionEvaluator|Any CPU
		Debug_GUI|Any CPU = Debug_GUI|Any CPU
		Debug|Any CPU = Debug|Any CPU
		Release|Any CPU = Release|Any CPU
	EndGlobalSection
	GlobalSection(ProjectConfigurationPlatforms) = postSolution
		{EC80EF34-A0E1-4215-BDAF-60CC0FBEA833}.DEBUG_ExpressionEvaluator|Any CPU.ActiveCfg = Debug_ExpressionEvaluator|x86
		{EC80EF34-A0E1-4215-BDAF-60CC0FBEA833}.DEBUG_ExpressionEvaluator|Any CPU.Build.0 = Debug_ExpressionEvaluator|x86
		{EC80EF34-A0E1-4215-BDAF-60CC0FBEA833}.Debug_GUI|Any CPU.ActiveCfg = Debug_GUI|x86
		{EC80EF34-A0E1-4215-BDAF-60CC0FBEA833}.Debug_GUI|Any CPU.Build.0 = Debug_GUI|x86
		{EC80EF34-A0E1-4215-BDAF-60CC0FBEA833}.Debug|Any CPU.ActiveCfg = Debug|Any CPU
		{EC80EF34-A0E1-4215-BDAF-60CC0FBEA833}.Debug|Any CPU.Build.0 = Debug|Any CPU
		{EC80EF34-A0E1-4215-BDAF-60CC0FBEA833}.Release|Any CPU.ActiveCfg = Release|Any CPU
		{EC80EF34-A0E1-4215-BDAF-60CC0FBEA833}.Release|Any CPU.Build.0 = Release|Any CPU
	EndGlobalSection
	GlobalSection(SolutionProperties) = preSolution
		HideSolutionNode = FALSE
	EndGlobalSection
EndGlobal
